# THIS IS AN AUTOGENERATED FILE. DO NOT EDIT THIS FILE DIRECTLY.
# yarn lockfile v1


async-limiter@~1.0.0:
  version "1.0.1"
  resolved "https://registry.yarnpkg.com/async-limiter/-/async-limiter-1.0.1.tgz#dd379e94f0db8310b08291f9d64c3209766617fd"
  integrity sha512-csOlWGAcRFJaI6m+F2WKdnMKr4HhdhFVBk0H/QbJFMCr+uO2kwohwXQPxw/9OCxp05r5ghVBFSyioixx3gfkNQ==

callsites@^3.0.0:
  version "3.1.0"
  resolved "https://registry.yarnpkg.com/callsites/-/callsites-3.1.0.tgz#b3630abd8943432f54b3f0519238e33cd7df2f73"
  integrity sha512-P8BjAsXvZS+VIDUI11hHCQEv74YT67YUi5JJFNWIqL235sBmjX4+qx9Muvls5ivyNENctx46xQLQ3aTuE7ssaQ==

cron-parser@^2.7.3:
  version "2.13.0"
  resolved "https://registry.yarnpkg.com/cron-parser/-/cron-parser-2.13.0.tgz#6f930bb6f2931790d2a9eec83b3ec276e27a6725"
  integrity sha512-UWeIpnRb0eyoWPVk+pD3TDpNx3KCFQeezO224oJIkktBrcW6RoAPOx5zIKprZGfk6vcYSmA8yQXItejSaDBhbQ==
  dependencies:
    is-nan "^1.2.1"
    moment-timezone "^0.5.25"

data-uri-to-buffer@^4.0.0:
  version "4.0.0"
  resolved "https://registry.yarnpkg.com/data-uri-to-buffer/-/data-uri-to-buffer-4.0.0.tgz#b5db46aea50f6176428ac05b73be39a57701a64b"
  integrity sha512-Vr3mLBA8qWmcuschSLAOogKgQ/Jwxulv3RNE4FXnYWRGujzrRWQI4m12fQqRkwX06C0KanhLr4hK+GydchZsaA==

dayjs@^1.8.16:
  version "1.8.16"
  resolved "https://registry.yarnpkg.com/dayjs/-/dayjs-1.8.16.tgz#2a3771de537255191b947957af2fd90012e71e64"
  integrity sha512-XPmqzWz/EJiaRHjBqSJ2s6hE/BUoCIHKgdS2QPtTQtKcS9E4/Qn0WomoH1lXanWCzri+g7zPcuNV4aTZ8PMORQ==

define-properties@^1.1.1:
  version "1.1.3"
  resolved "https://registry.yarnpkg.com/define-properties/-/define-properties-1.1.3.tgz#cf88da6cbee26fe6db7094f61d870cbd84cee9f1"
  integrity sha512-3MqfYKj2lLzdMSf8ZIZE/V+Zuy+BgD6f164e8K2w7dgnpKArBDerGYpM46IYYcjnkdPNMjPk9A6VFB8+3SKlXQ==
  dependencies:
    object-keys "^1.0.12"

directory-exists@^2.0.1:
  version "2.0.1"
  resolved "https://registry.yarnpkg.com/directory-exists/-/directory-exists-2.0.1.tgz#7c763f1c75975c088f8f74cd669e150b7cdaf030"
  integrity sha512-+CEod3IzwjvhQOMXFSU6nrqdTwrhzOiacNzzXlwBVFm7C4y2rbuEWs5WaRsI/3IZeSWORA5F1q8FBh3gm4HSsw==

discord.js@^11.5.1:
  version "11.5.1"
  resolved "https://registry.yarnpkg.com/discord.js/-/discord.js-11.5.1.tgz#910fb9f6410328581093e044cafb661783a4d9e8"
  integrity sha512-tGhV5xaZXE3Z+4uXJb3hYM6gQ1NmnSxp9PClcsSAYFVRzH6AJH74040mO3afPDMWEAlj8XsoPXXTJHTxesqcGw==
  dependencies:
    long "^4.0.0"
    prism-media "^0.0.3"
    snekfetch "^3.6.4"
    tweetnacl "^1.0.0"
    ws "^6.0.0"

fetch-blob@^3.1.2, fetch-blob@^3.1.3:
  version "3.1.4"
  resolved "https://registry.yarnpkg.com/fetch-blob/-/fetch-blob-3.1.4.tgz#e8c6567f80ad7fc22fd302e7dcb72bafde9c1717"
  integrity sha512-Eq5Xv5+VlSrYWEqKrusxY1C3Hm/hjeAsCGVG3ft7pZahlUAChpGZT/Ms1WmSLnEAisEXszjzu/s+ce6HZB2VHA==
  dependencies:
    node-domexception "^1.0.0"
    web-streams-polyfill "^3.0.3"

formdata-polyfill@^4.0.10:
  version "4.0.10"
  resolved "https://registry.yarnpkg.com/formdata-polyfill/-/formdata-polyfill-4.0.10.tgz#24807c31c9d402e002ab3d8c720144ceb8848423"
  integrity sha512-buewHzMvYL29jdeQTVILecSaZKnt/RJWjoZCF5OW60Z67/GmSLBkOFM7qh1PI3zFNtJbaZL5eQu1vLfazOwj4g==
  dependencies:
    fetch-blob "^3.1.2"

import-fresh@^3.1.0:
  version "3.1.0"
  resolved "https://registry.yarnpkg.com/import-fresh/-/import-fresh-3.1.0.tgz#6d33fa1dcef6df930fae003446f33415af905118"
  integrity sha512-PpuksHKGt8rXfWEr9m9EHIpgyyaltBy8+eF6GJM0QCAxMgxCfucMF3mjecK2QsJr0amJW7gTqh5/wht0z2UhEQ==
  dependencies:
    parent-module "^1.0.0"
    resolve-from "^4.0.0"

is-nan@^1.2.1:
  version "1.2.1"
  resolved "https://registry.yarnpkg.com/is-nan/-/is-nan-1.2.1.tgz#9faf65b6fb6db24b7f5c0628475ea71f988401e2"
  integrity sha1-n69ltvttskt/XAYoR16nH5iEAeI=
  dependencies:
    define-properties "^1.1.1"

long-timeout@0.1.1:
  version "0.1.1"
  resolved "https://registry.yarnpkg.com/long-timeout/-/long-timeout-0.1.1.tgz#9721d788b47e0bcb5a24c2e2bee1a0da55dab514"
  integrity sha1-lyHXiLR+C8taJMLivuGg2lXatRQ=

long@^4.0.0:
  version "4.0.0"
  resolved "https://registry.yarnpkg.com/long/-/long-4.0.0.tgz#9a7b71cfb7d361a194ea555241c92f7468d5bf28"
  integrity sha512-XsP+KhQif4bjX1kbuSiySJFNAehNxgLb6hPRGJ9QsUr8ajHkuXGdrHmFUTUUXhDwVX2R5bY4JNZEwbUiMhV+MA==

moment-timezone@^0.5.25:
  version "0.5.26"
  resolved "https://registry.yarnpkg.com/moment-timezone/-/moment-timezone-0.5.26.tgz#c0267ca09ae84631aa3dc33f65bedbe6e8e0d772"
  integrity sha512-sFP4cgEKTCymBBKgoxZjYzlSovC20Y6J7y3nanDc5RoBIXKlZhoYwBoZGe3flwU6A372AcRwScH8KiwV6zjy1g==
  dependencies:
    moment ">= 2.9.0"

"moment@>= 2.9.0":
  version "2.24.0"
  resolved "https://registry.yarnpkg.com/moment/-/moment-2.24.0.tgz#0d055d53f5052aa653c9f6eb68bb5d12bf5c2b5b"
  integrity sha512-bV7f+6l2QigeBBZSM/6yTNq4P2fNpSWj/0e7jQcy87A8e7o2nAfP/34/2ky5Vw4B9S446EtIhodAzkFCcR4dQg==

node-domexception@^1.0.0:
  version "1.0.0"
  resolved "https://registry.yarnpkg.com/node-domexception/-/node-domexception-1.0.0.tgz#6888db46a1f71c0b76b3f7555016b63fe64766e5"
  integrity sha512-/jKZoMpw0F8GRwl4/eLROPA3cfcXtLApP0QzLmUT/HuPCZWyB7IY9ZrMeKw2O/nFIqPQB3PVM9aYm0F312AXDQ==

node-fetch@^3.1.1:
  version "3.1.1"
  resolved "https://registry.yarnpkg.com/node-fetch/-/node-fetch-3.1.1.tgz#d0d9607e455b3087e3092b821b5b1f1ebf4c2147"
  integrity sha512-SMk+vKgU77PYotRdWzqZGTZeuFKlsJ0hu4KPviQKkfY+N3vn2MIzr0rvpnYpR8MtB3IEuhlEcuOLbGvLRlA+yg==
  dependencies:
    data-uri-to-buffer "^4.0.0"
    fetch-blob "^3.1.3"
    formdata-polyfill "^4.0.10"

node-schedule@^1.3.2:
  version "1.3.2"
  resolved "https://registry.yarnpkg.com/node-schedule/-/node-schedule-1.3.2.tgz#d774b383e2a6f6ade59eecc62254aea07cd758cb"
  integrity sha512-GIND2pHMHiReSZSvS6dpZcDH7pGPGFfWBIEud6S00Q8zEIzAs9ommdyRK1ZbQt8y1LyZsJYZgPnyi7gpU2lcdw==
  dependencies:
    cron-parser "^2.7.3"
    long-timeout "0.1.1"
    sorted-array-functions "^1.0.0"

object-keys@^1.0.12:
  version "1.1.1"
  resolved "https://registry.yarnpkg.com/object-keys/-/object-keys-1.1.1.tgz#1c47f272df277f3b1daf061677d9c82e2322c60e"
  integrity sha512-NuAESUOUMrlIXOfHKzD6bpPu3tYt3xvjNdRIQ+FeT0lNb4K8WR70CaDxhuNguS2XG+GjkyMwOzsN5ZktImfhLA==

parent-module@^1.0.0:
  version "1.0.1"
  resolved "https://registry.yarnpkg.com/parent-module/-/parent-module-1.0.1.tgz#691d2709e78c79fae3a156622452d00762caaaa2"
  integrity sha512-GQ2EWRpQV8/o+Aw8YqtfZZPfNRWZYkbidE9k5rpl/hC3vtHHBfGm2Ifi6qWV+coDGkrUKZAxE3Lot5kcsRlh+g==
  dependencies:
    callsites "^3.0.0"

prism-media@^0.0.3:
  version "0.0.3"
  resolved "https://registry.yarnpkg.com/prism-media/-/prism-media-0.0.3.tgz#8842d4fae804f099d3b48a9a38e3c2bab6f4855b"
  integrity sha512-c9KkNifSMU/iXT8FFTaBwBMr+rdVcN+H/uNv1o+CuFeTThNZNTOrQ+RgXA1yL/DeLk098duAeRPP3QNPNbhxYQ==

resolve-from@^4.0.0:
  version "4.0.0"
  resolved "https://registry.yarnpkg.com/resolve-from/-/resolve-from-4.0.0.tgz#4abcd852ad32dd7baabfe9b40e00a36db5f392e6"
  integrity sha512-pb/MYmXstAkysRFx8piNI1tGFNQIFA3vkE3Gq4EuA1dF6gHp/+vgZqsCGJapvy8N3Q+4o7FwvquPJcnZ7RYy4g==

snekfetch@^3.6.4:
  version "3.6.4"
  resolved "https://registry.yarnpkg.com/snekfetch/-/snekfetch-3.6.4.tgz#d13e80a616d892f3d38daae4289f4d258a645120"
  integrity sha512-NjxjITIj04Ffqid5lqr7XdgwM7X61c/Dns073Ly170bPQHLm6jkmelye/eglS++1nfTWktpP6Y2bFXjdPlQqdw==

sorted-array-functions@^1.0.0:
  version "1.2.0"
  resolved "https://registry.yarnpkg.com/sorted-array-functions/-/sorted-array-functions-1.2.0.tgz#43265b21d6e985b7df31621b1c11cc68d8efc7c3"
  integrity sha512-sWpjPhIZJtqO77GN+LD8dDsDKcWZ9GCOJNqKzi1tvtjGIzwfoyuRH8S0psunmc6Z5P+qfDqztSbwYR5X/e1UTg==

tweetnacl@^1.0.0:
  version "1.0.1"
  resolved "https://registry.yarnpkg.com/tweetnacl/-/tweetnacl-1.0.1.tgz#2594d42da73cd036bd0d2a54683dd35a6b55ca17"
  integrity sha512-kcoMoKTPYnoeS50tzoqjPY3Uv9axeuuFAZY9M/9zFnhoVvRfxz9K29IMPD7jGmt2c8SW7i3gT9WqDl2+nV7p4A==

web-streams-polyfill@^3.0.3:
  version "3.2.0"
  resolved "https://registry.yarnpkg.com/web-streams-polyfill/-/web-streams-polyfill-3.2.0.tgz#a6b74026b38e4885869fb5c589e90b95ccfc7965"
  integrity sha512-EqPmREeOzttaLRm5HS7io98goBgZ7IVz79aDvqjD0kYXLtFZTc0T/U6wHTPKyIjb+MdN7DFIIX6hgdBEpWmfPA==

ws@^6.0.0:
  version "6.2.1"
  resolved "https://registry.yarnpkg.com/ws/-/ws-6.2.1.tgz#442fdf0a47ed64f59b6a5d8ff130f4748ed524fb"
  integrity sha512-GIyAXC2cB7LjvpgMt9EKS2ldqr0MTrORaleiOno6TweZ6r3TKtoFQWay/2PceJ3RuBasOHzXNn5Lrw1X0bEjqA==
  dependencies:
    async-limiter "~1.0.0"
