# THIS IS AN AUTOGENERATED FILE. DO NOT EDIT THIS FILE DIRECTLY.
# yarn lockfile v1


async-limiter@~1.0.0:
  version "1.0.1"
  resolved "https://registry.yarnpkg.com/async-limiter/-/async-limiter-1.0.1.tgz#dd379e94f0db8310b08291f9d64c3209766617fd"
  integrity sha512-csOlWGAcRFJaI6m+F2WKdnMKr4HhdhFVBk0H/QbJFMCr+uO2kwohwXQPxw/9OCxp05r5ghVBFSyioixx3gfkNQ==

call-bind@^1.0.0:
  version "1.0.2"
  resolved "https://registry.yarnpkg.com/call-bind/-/call-bind-1.0.2.tgz#b1d4e89e688119c3c9a903ad30abb2f6a919be3c"
  integrity sha512-7O+FbCihrB5WGbFYesctwmTKae6rOiIzmz1icreWJ+0aA7LJfuqhEso2T9ncpcFtzMQtzXf2QGGueWJGTYsqrA==
  dependencies:
    function-bind "^1.1.1"
    get-intrinsic "^1.0.2"

callsites@^3.0.0:
  version "3.1.0"
  resolved "https://registry.yarnpkg.com/callsites/-/callsites-3.1.0.tgz#b3630abd8943432f54b3f0519238e33cd7df2f73"
  integrity sha512-P8BjAsXvZS+VIDUI11hHCQEv74YT67YUi5JJFNWIqL235sBmjX4+qx9Muvls5ivyNENctx46xQLQ3aTuE7ssaQ==

cron-parser@^3.5.0:
  version "3.5.0"
  resolved "https://registry.yarnpkg.com/cron-parser/-/cron-parser-3.5.0.tgz#b1a9da9514c0310aa7ef99c2f3f1d0f8c235257c"
  integrity sha512-wyVZtbRs6qDfFd8ap457w3XVntdvqcwBGxBoTvJQH9KGVKL/fB+h2k3C8AqiVxvUQKN1Ps/Ns46CNViOpVDhfQ==
  dependencies:
    is-nan "^1.3.2"
    luxon "^1.26.0"

dayjs@^1.8.16:
  version "1.11.1"
  resolved "https://registry.yarnpkg.com/dayjs/-/dayjs-1.11.1.tgz#90b33a3dda3417258d48ad2771b415def6545eb0"
  integrity sha512-ER7EjqVAMkRRsxNCC5YqJ9d9VQYuWdGt7aiH2qA5R5wt8ZmWaP2dLUSIK6y/kVzLMlmh1Tvu5xUf4M/wdGJ5KA==

define-properties@^1.1.3:
  version "1.1.4"
  resolved "https://registry.yarnpkg.com/define-properties/-/define-properties-1.1.4.tgz#0b14d7bd7fbeb2f3572c3a7eda80ea5d57fb05b1"
  integrity sha512-uckOqKcfaVvtBdsVkdPv3XjveQJsNQqmhXgRi8uhvWWuPYZCNlzT8qAyblUgNoXdHdjMTzAqeGjAoli8f+bzPA==
  dependencies:
    has-property-descriptors "^1.0.0"
    object-keys "^1.1.1"

directory-exists@^2.0.1:
  version "2.0.1"
  resolved "https://registry.yarnpkg.com/directory-exists/-/directory-exists-2.0.1.tgz#7c763f1c75975c088f8f74cd669e150b7cdaf030"
  integrity sha512-+CEod3IzwjvhQOMXFSU6nrqdTwrhzOiacNzzXlwBVFm7C4y2rbuEWs5WaRsI/3IZeSWORA5F1q8FBh3gm4HSsw==

discord.js@^11.5.1:
  version "11.6.4"
  resolved "https://registry.yarnpkg.com/discord.js/-/discord.js-11.6.4.tgz#76bab98de08d7586ecde44c063ef310e6b9a2700"
  integrity sha512-cK6rH1PuGjSjpmEQbnpuTxq1Yv8B89SotyKUFcr4RhnsiZnfBfDOev7DD7v5vhtEyyj51NuMWFoRJzgy/m08Uw==
  dependencies:
    long "^4.0.0"
    prism-media "^0.0.4"
    snekfetch "^3.6.4"
    tweetnacl "^1.0.0"
    ws "^6.0.0"

function-bind@^1.1.1:
  version "1.1.1"
  resolved "https://registry.yarnpkg.com/function-bind/-/function-bind-1.1.1.tgz#a56899d3ea3c9bab874bb9773b7c5ede92f4895d"
  integrity sha512-yIovAzMX49sF8Yl58fSCWJ5svSLuaibPxXQJFLmBObTuCr0Mf1KiPopGM9NiFjiYBCbfaa2Fh6breQ6ANVTI0A==

get-intrinsic@^1.0.2, get-intrinsic@^1.1.1:
  version "1.1.1"
  resolved "https://registry.yarnpkg.com/get-intrinsic/-/get-intrinsic-1.1.1.tgz#15f59f376f855c446963948f0d24cd3637b4abc6"
  integrity sha512-kWZrnVM42QCiEA2Ig1bG8zjoIMOgxWwYCEeNdwY6Tv/cOSeGpcoX4pXHfKUxNKVoArnrEr2e9srnAxxGIraS9Q==
  dependencies:
    function-bind "^1.1.1"
    has "^1.0.3"
    has-symbols "^1.0.1"

has-property-descriptors@^1.0.0:
  version "1.0.0"
  resolved "https://registry.yarnpkg.com/has-property-descriptors/-/has-property-descriptors-1.0.0.tgz#610708600606d36961ed04c196193b6a607fa861"
  integrity sha512-62DVLZGoiEBDHQyqG4w9xCuZ7eJEwNmJRWw2VY84Oedb7WFcA27fiEVe8oUQx9hAUJ4ekurquucTGwsyO1XGdQ==
  dependencies:
    get-intrinsic "^1.1.1"

has-symbols@^1.0.1:
  version "1.0.3"
  resolved "https://registry.yarnpkg.com/has-symbols/-/has-symbols-1.0.3.tgz#bb7b2c4349251dce87b125f7bdf874aa7c8b39f8"
  integrity sha512-l3LCuF6MgDNwTDKkdYGEihYjt5pRPbEg46rtlmnSPlUbgmB8LOIrKJbYYFBSbnPaJexMKtiPO8hmeRjRz2Td+A==

has@^1.0.3:
  version "1.0.3"
  resolved "https://registry.yarnpkg.com/has/-/has-1.0.3.tgz#722d7cbfc1f6aa8241f16dd814e011e1f41e8796"
  integrity sha512-f2dvO0VU6Oej7RkWJGrehjbzMAjFp5/VKPp5tTpWIV4JHHZK1/BxbFRtf/siA2SWTe09caDmVtYYzWEIbBS4zw==
  dependencies:
    function-bind "^1.1.1"

import-fresh@^3.1.0:
  version "3.3.0"
  resolved "https://registry.yarnpkg.com/import-fresh/-/import-fresh-3.3.0.tgz#37162c25fcb9ebaa2e6e53d5b4d88ce17d9e0c2b"
  integrity sha512-veYYhQa+D1QBKznvhUHxb8faxlrwUnxseDAbAp457E0wLNio2bOSKnjYDhMj+YiAq61xrMGhQk9iXVk5FzgQMw==
  dependencies:
    parent-module "^1.0.0"
    resolve-from "^4.0.0"

is-nan@^1.3.2:
  version "1.3.2"
  resolved "https://registry.yarnpkg.com/is-nan/-/is-nan-1.3.2.tgz#043a54adea31748b55b6cd4e09aadafa69bd9e1d"
  integrity sha512-E+zBKpQ2t6MEo1VsonYmluk9NxGrbzpeeLC2xIViuO2EjU2xsXsBPwTr3Ykv9l08UYEVEdWeRZNouaZqF6RN0w==
  dependencies:
    call-bind "^1.0.0"
    define-properties "^1.1.3"

long-timeout@0.1.1:
  version "0.1.1"
  resolved "https://registry.yarnpkg.com/long-timeout/-/long-timeout-0.1.1.tgz#9721d788b47e0bcb5a24c2e2bee1a0da55dab514"
  integrity sha1-lyHXiLR+C8taJMLivuGg2lXatRQ=

long@^4.0.0:
  version "4.0.0"
  resolved "https://registry.yarnpkg.com/long/-/long-4.0.0.tgz#9a7b71cfb7d361a194ea555241c92f7468d5bf28"
  integrity sha512-XsP+KhQif4bjX1kbuSiySJFNAehNxgLb6hPRGJ9QsUr8ajHkuXGdrHmFUTUUXhDwVX2R5bY4JNZEwbUiMhV+MA==

luxon@^1.26.0:
  version "1.28.1"
  resolved "https://registry.yarnpkg.com/luxon/-/luxon-1.28.1.tgz#528cdf3624a54506d710290a2341aa8e6e6c61b0"
  integrity sha512-gYHAa180mKrNIUJCbwpmD0aTu9kV0dREDrwNnuyFAsO1Wt0EVYSZelPnJlbj9HplzXX/YWXHFTL45kvZ53M0pw==

node-fetch@^2.6.0:
  version "2.6.7"
  resolved "https://registry.yarnpkg.com/node-fetch/-/node-fetch-2.6.7.tgz#24de9fba827e3b4ae44dc8b20256a379160052ad"
  integrity sha512-ZjMPFEfVx5j+y2yF35Kzx5sF7kDzxuDj6ziH4FFbOp87zKDZNx8yExJIb05OGF4Nlt9IHFIMBkRl41VdvcNdbQ==
  dependencies:
    whatwg-url "^5.0.0"

node-schedule@^2.1.0:
  version "2.1.0"
  resolved "https://registry.yarnpkg.com/node-schedule/-/node-schedule-2.1.0.tgz#068ae38d7351c330616f7fe7cdb05036f977cbaf"
  integrity sha512-nl4JTiZ7ZQDc97MmpTq9BQjYhq7gOtoh7SiPH069gBFBj0PzD8HI7zyFs6rzqL8Y5tTiEEYLxgtbx034YPrbyQ==
  dependencies:
    cron-parser "^3.5.0"
    long-timeout "0.1.1"
    sorted-array-functions "^1.3.0"

object-keys@^1.1.1:
  version "1.1.1"
  resolved "https://registry.yarnpkg.com/object-keys/-/object-keys-1.1.1.tgz#1c47f272df277f3b1daf061677d9c82e2322c60e"
  integrity sha512-NuAESUOUMrlIXOfHKzD6bpPu3tYt3xvjNdRIQ+FeT0lNb4K8WR70CaDxhuNguS2XG+GjkyMwOzsN5ZktImfhLA==

parent-module@^1.0.0:
  version "1.0.1"
  resolved "https://registry.yarnpkg.com/parent-module/-/parent-module-1.0.1.tgz#691d2709e78c79fae3a156622452d00762caaaa2"
  integrity sha512-GQ2EWRpQV8/o+Aw8YqtfZZPfNRWZYkbidE9k5rpl/hC3vtHHBfGm2Ifi6qWV+coDGkrUKZAxE3Lot5kcsRlh+g==
  dependencies:
    callsites "^3.0.0"

prism-media@^0.0.4:
  version "0.0.4"
  resolved "https://registry.yarnpkg.com/prism-media/-/prism-media-0.0.4.tgz#df5ddc6463670c97ff0e9cbac3c3e0db18df326f"
  integrity sha512-dG2w7WtovUa4SiYTdWn9H8Bd4JNdei2djtkP/Bk9fXq81j5Q15ZPHYSwhUVvBRbp5zMkGtu0Yk62HuMcly0pRw==

resolve-from@^4.0.0:
  version "4.0.0"
  resolved "https://registry.yarnpkg.com/resolve-from/-/resolve-from-4.0.0.tgz#4abcd852ad32dd7baabfe9b40e00a36db5f392e6"
  integrity sha512-pb/MYmXstAkysRFx8piNI1tGFNQIFA3vkE3Gq4EuA1dF6gHp/+vgZqsCGJapvy8N3Q+4o7FwvquPJcnZ7RYy4g==

snekfetch@^3.6.4:
  version "3.6.4"
  resolved "https://registry.yarnpkg.com/snekfetch/-/snekfetch-3.6.4.tgz#d13e80a616d892f3d38daae4289f4d258a645120"
  integrity sha512-NjxjITIj04Ffqid5lqr7XdgwM7X61c/Dns073Ly170bPQHLm6jkmelye/eglS++1nfTWktpP6Y2bFXjdPlQqdw==

sorted-array-functions@^1.3.0:
  version "1.3.0"
  resolved "https://registry.yarnpkg.com/sorted-array-functions/-/sorted-array-functions-1.3.0.tgz#8605695563294dffb2c9796d602bd8459f7a0dd5"
  integrity sha512-2sqgzeFlid6N4Z2fUQ1cvFmTOLRi/sEDzSQ0OKYchqgoPmQBVyM3959qYx3fpS6Esef80KjmpgPeEr028dP3OA==

tr46@~0.0.3:
  version "0.0.3"
  resolved "https://registry.yarnpkg.com/tr46/-/tr46-0.0.3.tgz#8184fd347dac9cdc185992f3a6622e14b9d9ab6a"
  integrity sha1-gYT9NH2snNwYWZLzpmIuFLnZq2o=

tweetnacl@^1.0.0:
  version "1.0.3"
  resolved "https://registry.yarnpkg.com/tweetnacl/-/tweetnacl-1.0.3.tgz#ac0af71680458d8a6378d0d0d050ab1407d35596"
  integrity sha512-6rt+RN7aOi1nGMyC4Xa5DdYiukl2UWCbcJft7YhxReBGQD7OAM8Pbxw6YMo4r2diNEA8FEmu32YOn9rhaiE5yw==

webidl-conversions@^3.0.0:
  version "3.0.1"
  resolved "https://registry.yarnpkg.com/webidl-conversions/-/webidl-conversions-3.0.1.tgz#24534275e2a7bc6be7bc86611cc16ae0a5654871"
  integrity sha1-JFNCdeKnvGvnvIZhHMFq4KVlSHE=

whatwg-url@^5.0.0:
  version "5.0.0"
  resolved "https://registry.yarnpkg.com/whatwg-url/-/whatwg-url-5.0.0.tgz#966454e8765462e37644d3626f6742ce8b70965d"
  integrity sha1-lmRU6HZUYuN2RNNib2dCzotwll0=
  dependencies:
    tr46 "~0.0.3"
    webidl-conversions "^3.0.0"

ws@^6.0.0:
  version "6.2.2"
  resolved "https://registry.yarnpkg.com/ws/-/ws-6.2.2.tgz#dd5cdbd57a9979916097652d78f1cc5faea0c32e"
  integrity sha512-zmhltoSR8u1cnDsD43TX59mzoMZsLKqUweyYBAIvTngR3shc0W6aOZylZmq/7hqyVxPdi+5Ud2QInblgyE72fw==
  dependencies:
    async-limiter "~1.0.0"
